
Microsoft Visual Studio Solution File, Format Version 12.00
# Visual Studio Version 17
VisualStudioVersion = 17.7.34018.315
MinimumVisualStudioVersion = 10.0.40219.1
Project("{FAE04EC0-301F-11D3-BF4B-00C04F79EFBC}") = "CalcuInterfaz", "CalcuInterfaz\CalcuInterfaz.csproj", "{493CF01E-28BF-4E45-8E65-E73DDB525708}"
EndProject
Global
	GlobalSection(SolutionConfigurationPlatforms) = preSolution
		Debug|Any CPU = Debug|Any CPU
		Release|Any CPU = Release|Any CPU
	EndGlobalSection
	GlobalSection(ProjectConfigurationPlatforms) = postSolution
		{493CF01E-28BF-4E45-8E65-E73DDB525708}.Debug|Any CPU.ActiveCfg = Debug|Any CPU
		{493CF01E-28BF-4E45-8E65-E73DDB525708}.Debug|Any CPU.Build.0 = Debug|Any CPU
		{493CF01E-28BF-4E45-8E65-E73DDB525708}.Release|Any CPU.ActiveCfg = Release|Any CPU
		{493CF01E-28BF-4E45-8E65-E73DDB525708}.Release|Any CPU.Build.0 = Release|Any CPU
	EndGlobalSection
	GlobalSection(SolutionProperties) = preSolution
		HideSolutionNode = FALSE
	EndGlobalSection
	GlobalSection(ExtensibilityGlobals) = postSolution
		SolutionGuid = {D7251DBD-CA41-4445-AFB9-68B8CE0C0915}
	EndGlobalSection
EndGlobal
